
Microsoft Visual Studio Solution File, Format Version 12.00
# Visual Studio Version 16
VisualStudioVersion = 16.0.31019.35
MinimumVisualStudioVersion = 10.0.40219.1
Project("{FAE04EC0-301F-11D3-BF4B-00C04F79EFBC}") = "gProAnalyzer", "analysisWorkFlow\gProAnalyzer.csproj", "{9011344F-0041-4AD3-9FFC-72711CD8836D}"
EndProject
Project("{54435603-DBB4-11D2-8724-00A0C9A8B90C}") = "Setup_gProAnalyzer", "Setup_gProAnalyzer\Setup_gProAnalyzer.vdproj", "{65E84B80-7995-4C57-92F4-901698F19D39}"
EndProject
Global
	GlobalSection(SolutionConfigurationPlatforms) = preSolution
		Debug|Any CPU = Debug|Any CPU
		Release|Any CPU = Release|Any CPU
	EndGlobalSection
	GlobalSection(ProjectConfigurationPlatforms) = postSolution
		{9011344F-0041-4AD3-9FFC-72711CD8836D}.Debug|Any CPU.ActiveCfg = Debug|Any CPU
		{9011344F-0041-4AD3-9FFC-72711CD8836D}.Debug|Any CPU.Build.0 = Debug|Any CPU
		{9011344F-0041-4AD3-9FFC-72711CD8836D}.Release|Any CPU.ActiveCfg = Release|Any CPU
		{9011344F-0041-4AD3-9FFC-72711CD8836D}.Release|Any CPU.Build.0 = Release|Any CPU
		{65E84B80-7995-4C57-92F4-901698F19D39}.Debug|Any CPU.ActiveCfg = Debug
		{65E84B80-7995-4C57-92F4-901698F19D39}.Release|Any CPU.ActiveCfg = Release
	EndGlobalSection
	GlobalSection(SolutionProperties) = preSolution
		HideSolutionNode = FALSE
	EndGlobalSection
	GlobalSection(ExtensibilityGlobals) = postSolution
		SolutionGuid = {82C1E9E0-0573-4935-B130-5196DEB532D5}
	EndGlobalSection
EndGlobal
